
Microsoft Visual Studio Solution File, Format Version 12.00
# Visual Studio Version 16
VisualStudioVersion = 16.0.32106.194
MinimumVisualStudioVersion = 10.0.40219.1
Project("{FAE04EC0-301F-11D3-BF4B-00C04F79EFBC}") = "OdevSorulari", "OdevSorulari\OdevSorulari.csproj", "{B1BBDBDE-EB1E-4264-9E07-4AB1E94065DF}"
EndProject
Global
	GlobalSection(SolutionConfigurationPlatforms) = preSolution
		Debug|Any CPU = Debug|Any CPU
		Release|Any CPU = Release|Any CPU
	EndGlobalSection
	GlobalSection(ProjectConfigurationPlatforms) = postSolution
		{B1BBDBDE-EB1E-4264-9E07-4AB1E94065DF}.Debug|Any CPU.ActiveCfg = Debug|Any CPU
		{B1BBDBDE-EB1E-4264-9E07-4AB1E94065DF}.Debug|Any CPU.Build.0 = Debug|Any CPU
		{B1BBDBDE-EB1E-4264-9E07-4AB1E94065DF}.Release|Any CPU.ActiveCfg = Release|Any CPU
		{B1BBDBDE-EB1E-4264-9E07-4AB1E94065DF}.Release|Any CPU.Build.0 = Release|Any CPU
	EndGlobalSection
	GlobalSection(SolutionProperties) = preSolution
		HideSolutionNode = FALSE
	EndGlobalSection
	GlobalSection(ExtensibilityGlobals) = postSolution
		SolutionGuid = {781BE866-AF23-4375-B355-F7ECD7F6883D}
	EndGlobalSection
EndGlobal
